// !$*UTF8*$!
{
	archiveVersion = 1;
	classes = {
	};
	objectVersion = 51;
	objects = {

/* Begin PBXBuildFile section */
		2406C69F23D1E37A0035EAAA /* AppDelegate.swift in Sources */ = {isa = PBXBuildFile; fileRef = 2406C69E23D1E37A0035EAAA /* AppDelegate.swift */; };
		2406C6A123D1E37A0035EAAA /* SceneDelegate.swift in Sources */ = {isa = PBXBuildFile; fileRef = 2406C6A023D1E37A0035EAAA /* SceneDelegate.swift */; };
		2406C6A323D1E37A0035EAAA /* ViewController.swift in Sources */ = {isa = PBXBuildFile; fileRef = 2406C6A223D1E37A0035EAAA /* ViewController.swift */; };
		2406C6A623D1E37A0035EAAA /* Main.storyboard in Resources */ = {isa = PBXBuildFile; fileRef = 2406C6A423D1E37A0035EAAA /* Main.storyboard */; };
		2406C6A823D1E3810035EAAA /* Assets.xcassets in Resources */ = {isa = PBXBuildFile; fileRef = 2406C6A723D1E3810035EAAA /* Assets.xcassets */; };
		2406C6AB23D1E3810035EAAA /* LaunchScreen.storyboard in Resources */ = {isa = PBXBuildFile; fileRef = 2406C6A923D1E3810035EAAA /* LaunchScreen.storyboard */; };
		2406C6B323D1E9150035EAAA /* AlbumCell.swift in Sources */ = {isa = PBXBuildFile; fileRef = 2406C6B223D1E9150035EAAA /* AlbumCell.swift */; };
		24479D7323D5DF8A00C945C3 /* AlbumsCollectionViewController.swift in Sources */ = {isa = PBXBuildFile; fileRef = 24479D7223D5DF8A00C945C3 /* AlbumsCollectionViewController.swift */; };
		245186B823D4F94400278EE9 /* PHAssetExtension.swift in Sources */ = {isa = PBXBuildFile; fileRef = 245186B723D4F94400278EE9 /* PHAssetExtension.swift */; };
		D5326B42268A6E8C7340C75E /* Pods_Albums_access.framework in Frameworks */ = {isa = PBXBuildFile; fileRef = A0DA9DF1DCA6229AC6067611 /* Pods_Albums_access.framework */; };
/* End PBXBuildFile section */

/* Begin PBXFileReference section */
		2406C69B23D1E37A0035EAAA /* Albums-access.app */ = {isa = PBXFileReference; explicitFileType = wrapper.application; includeInIndex = 0; path = "Albums-access.app"; sourceTree = BUILT_PRODUCTS_DIR; };
		2406C69E23D1E37A0035EAAA /* AppDelegate.swift */ = {isa = PBXFileReference; lastKnownFileType = sourcecode.swift; path = AppDelegate.swift; sourceTree = "<group>"; };
		2406C6A023D1E37A0035EAAA /* SceneDelegate.swift */ = {isa = PBXFileReference; lastKnownFileType = sourcecode.swift; path = SceneDelegate.swift; sourceTree = "<group>"; };
		2406C6A223D1E37A0035EAAA /* ViewController.swift */ = {isa = PBXFileReference; lastKnownFileType = sourcecode.swift; path = ViewController.swift; sourceTree = "<group>"; };
		2406C6A523D1E37A0035EAAA /* Base */ = {isa = PBXFileReference; lastKnownFileType = file.storyboard; name = Base; path = Base.lproj/Main.storyboard; sourceTree = "<group>"; };
		2406C6A723D1E3810035EAAA /* Assets.xcassets */ = {isa = PBXFileReference; lastKnownFileType = folder.assetcatalog; path = Assets.xcassets; sourceTree = "<group>"; };
		2406C6AA23D1E3810035EAAA /* Base */ = {isa = PBXFileReference; lastKnownFileType = file.storyboard; name = Base; path = Base.lproj/LaunchScreen.storyboard; sourceTree = "<group>"; };
		2406C6AC23D1E3810035EAAA /* Info.plist */ = {isa = PBXFileReference; lastKnownFileType = text.plist.xml; path = Info.plist; sourceTree = "<group>"; };
		2406C6B223D1E9150035EAAA /* AlbumCell.swift */ = {isa = PBXFileReference; lastKnownFileType = sourcecode.swift; path = AlbumCell.swift; sourceTree = "<group>"; };
		24479D7223D5DF8A00C945C3 /* AlbumsCollectionViewController.swift */ = {isa = PBXFileReference; lastKnownFileType = sourcecode.swift; path = AlbumsCollectionViewController.swift; sourceTree = "<group>"; };
		245186B723D4F94400278EE9 /* PHAssetExtension.swift */ = {isa = PBXFileReference; lastKnownFileType = sourcecode.swift; path = PHAssetExtension.swift; sourceTree = "<group>"; };
		8247C59B49A7EA880BE81290 /* Pods-Albums-access.debug.xcconfig */ = {isa = PBXFileReference; includeInIndex = 1; lastKnownFileType = text.xcconfig; name = "Pods-Albums-access.debug.xcconfig"; path = "Target Support Files/Pods-Albums-access/Pods-Albums-access.debug.xcconfig"; sourceTree = "<group>"; };
		A0DA9DF1DCA6229AC6067611 /* Pods_Albums_access.framework */ = {isa = PBXFileReference; explicitFileType = wrapper.framework; includeInIndex = 0; path = Pods_Albums_access.framework; sourceTree = BUILT_PRODUCTS_DIR; };
		C8D6991F759B6B8224144FCF /* Pods-Albums-access.release.xcconfig */ = {isa = PBXFileReference; includeInIndex = 1; lastKnownFileType = text.xcconfig; name = "Pods-Albums-access.release.xcconfig"; path = "Target Support Files/Pods-Albums-access/Pods-Albums-access.release.xcconfig"; sourceTree = "<group>"; };
/* End PBXFileReference section */

/* Begin PBXFrameworksBuildPhase section */
		2406C69823D1E37A0035EAAA /* Frameworks */ = {
			isa = PBXFrameworksBuildPhase;
			buildActionMask = 2147483647;
			files = (
				D5326B42268A6E8C7340C75E /* Pods_Albums_access.framework in Frameworks */,
			);
			runOnlyForDeploymentPostprocessing = 0;
		};
/* End PBXFrameworksBuildPhase section */

/* Begin PBXGroup section */
		2406C69223D1E37A0035EAAA = {
			isa = PBXGroup;
			children = (
				2406C69D23D1E37A0035EAAA /* Albums-access */,
				2406C69C23D1E37A0035EAAA /* Products */,
				54D77014A19A229E540790DD /* Pods */,
				D5D4725795A337F10EC07AA6 /* Frameworks */,
			);
			sourceTree = "<group>";
		};
		2406C69C23D1E37A0035EAAA /* Products */ = {
			isa = PBXGroup;
			children = (
				2406C69B23D1E37A0035EAAA /* Albums-access.app */,
			);
			name = Products;
			sourceTree = "<group>";
		};
		2406C69D23D1E37A0035EAAA /* Albums-access */ = {
			isa = PBXGroup;
			children = (
				2406C69E23D1E37A0035EAAA /* AppDelegate.swift */,
				2406C6A023D1E37A0035EAAA /* SceneDelegate.swift */,
				24479D7223D5DF8A00C945C3 /* AlbumsCollectionViewController.swift */,
				2406C6A223D1E37A0035EAAA /* ViewController.swift */,
				2406C6A423D1E37A0035EAAA /* Main.storyboard */,
				2406C6A723D1E3810035EAAA /* Assets.xcassets */,
				2406C6A923D1E3810035EAAA /* LaunchScreen.storyboard */,
				2406C6AC23D1E3810035EAAA /* Info.plist */,
				2406C6B223D1E9150035EAAA /* AlbumCell.swift */,
				245186B723D4F94400278EE9 /* PHAssetExtension.swift */,
			);
			path = "Albums-access";
			sourceTree = "<group>";
		};
		54D77014A19A229E540790DD /* Pods */ = {
			isa = PBXGroup;
			children = (
				8247C59B49A7EA880BE81290 /* Pods-Albums-access.debug.xcconfig */,
				C8D6991F759B6B8224144FCF /* Pods-Albums-access.release.xcconfig */,
			);
			path = Pods;
			sourceTree = "<group>";
		};
		D5D4725795A337F10EC07AA6 /* Frameworks */ = {
			isa = PBXGroup;
			children = (
				A0DA9DF1DCA6229AC6067611 /* Pods_Albums_access.framework */,
			);
			name = Frameworks;
			sourceTree = "<group>";
		};
/* End PBXGroup section */

/* Begin PBXNativeTarget section */
		2406C69A23D1E37A0035EAAA /* Albums-access */ = {
			isa = PBXNativeTarget;
			buildConfigurationList = 2406C6AF23D1E3810035EAAA /* Build configuration list for PBXNativeTarget "Albums-access" */;
			buildPhases = (
				E2A981E29D4A9AAA1E93BDD1 /* [CP] Check Pods Manifest.lock */,
				2406C69723D1E37A0035EAAA /* Sources */,
				2406C69823D1E37A0035EAAA /* Frameworks */,
				2406C69923D1E37A0035EAAA /* Resources */,
				4D7D870D8A5B415D25D8EA6F /* [CP] Embed Pods Frameworks */,
			);
			buildRules = (
			);
			dependencies = (
			);
			name = "Albums-access";
			productName = "Albums-access";
			productReference = 2406C69B23D1E37A0035EAAA /* Albums-access.app */;
			productType = "com.apple.product-type.application";
		};
/* End PBXNativeTarget section */

/* Begin PBXProject section */
		2406C69323D1E37A0035EAAA /* Project object */ = {
			isa = PBXProject;
			attributes = {
				LastSwiftUpdateCheck = 1130;
				LastUpgradeCheck = 1130;
				ORGANIZATIONNAME = Solaborate;
				TargetAttributes = {
					2406C69A23D1E37A0035EAAA = {
						CreatedOnToolsVersion = 11.3.1;
					};
				};
			};
			buildConfigurationList = 2406C69623D1E37A0035EAAA /* Build configuration list for PBXProject "Albums-access" */;
			compatibilityVersion = "Xcode 9.3";
			developmentRegion = en;
			hasScannedForEncodings = 0;
			knownRegions = (
				en,
				Base,
			);
			mainGroup = 2406C69223D1E37A0035EAAA;
			productRefGroup = 2406C69C23D1E37A0035EAAA /* Products */;
			projectDirPath = "";
			projectRoot = "";
			targets = (
				2406C69A23D1E37A0035EAAA /* Albums-access */,
			);
		};
/* End PBXProject section */

/* Begin PBXResourcesBuildPhase section */
		2406C69923D1E37A0035EAAA /* Resources */ = {
			isa = PBXResourcesBuildPhase;
			buildActionMask = 2147483647;
			files = (
				2406C6AB23D1E3810035EAAA /* LaunchScreen.storyboard in Resources */,
				2406C6A823D1E3810035EAAA /* Assets.xcassets in Resources */,
				2406C6A623D1E37A0035EAAA /* Main.storyboard in Resources */,
			);
			runOnlyForDeploymentPostprocessing = 0;
		};
/* End PBXResourcesBuildPhase section */

/* Begin PBXShellScriptBuildPhase section */
		4D7D870D8A5B415D25D8EA6F /* [CP] Embed Pods Frameworks */ = {
			isa = PBXShellScriptBuildPhase;
			buildActionMask = 2147483647;
			files = (
			);
			inputFileListPaths = (
				"${PODS_ROOT}/Target Support Files/Pods-Albums-access/Pods-Albums-access-frameworks-${CONFIGURATION}-input-files.xcfilelist",
			);
			name = "[CP] Embed Pods Frameworks";
			outputFileListPaths = (
				"${PODS_ROOT}/Target Support Files/Pods-Albums-access/Pods-Albums-access-frameworks-${CONFIGURATION}-output-files.xcfilelist",
			);
			runOnlyForDeploymentPostprocessing = 0;
			shellPath = /bin/sh;
			shellScript = "\"${PODS_ROOT}/Target Support Files/Pods-Albums-access/Pods-Albums-access-frameworks.sh\"\n";
			showEnvVarsInLog = 0;
		};
		E2A981E29D4A9AAA1E93BDD1 /* [CP] Check Pods Manifest.lock */ = {
			isa = PBXShellScriptBuildPhase;
			buildActionMask = 2147483647;
			files = (
			);
			inputFileListPaths = (
			);
			inputPaths = (
				"${PODS_PODFILE_DIR_PATH}/Podfile.lock",
				"${PODS_ROOT}/Manifest.lock",
			);
			name = "[CP] Check Pods Manifest.lock";
			outputFileListPaths = (
			);
			outputPaths = (
				"$(DERIVED_FILE_DIR)/Pods-Albums-access-checkManifestLockResult.txt",
			);
			runOnlyForDeploymentPostprocessing = 0;
			shellPath = /bin/sh;
			shellScript = "diff \"${PODS_PODFILE_DIR_PATH}/Podfile.lock\" \"${PODS_ROOT}/Manifest.lock\" > /dev/null\nif [ $? != 0 ] ; then\n    # print error to STDERR\n    echo \"error: The sandbox is not in sync with the Podfile.lock. Run 'pod install' or update your CocoaPods installation.\" >&2\n    exit 1\nfi\n# This output is used by Xcode 'outputs' to avoid re-running this script phase.\necho \"SUCCESS\" > \"${SCRIPT_OUTPUT_FILE_0}\"\n";
			showEnvVarsInLog = 0;
		};
/* End PBXShellScriptBuildPhase section */

/* Begin PBXSourcesBuildPhase section */
		2406C69723D1E37A0035EAAA /* Sources */ = {
			isa = PBXSourcesBuildPhase;
			buildActionMask = 2147483647;
			files = (
				2406C6A323D1E37A0035EAAA /* ViewController.swift in Sources */,
				2406C69F23D1E37A0035EAAA /* AppDelegate.swift in Sources */,
				24479D7323D5DF8A00C945C3 /* AlbumsCollectionViewController.swift in Sources */,
				245186B823D4F94400278EE9 /* PHAssetExtension.swift in Sources */,
				2406C6A123D1E37A0035EAAA /* SceneDelegate.swift in Sources */,
				2406C6B323D1E9150035EAAA /* AlbumCell.swift in Sources */,
			);
			runOnlyForDeploymentPostprocessing = 0;
		};
/* End PBXSourcesBuildPhase section */

/* Begin PBXVariantGroup section */
		2406C6A423D1E37A0035EAAA /* Main.storyboard */ = {
			isa = PBXVariantGroup;
			children = (
				2406C6A523D1E37A0035EAAA /* Base */,
			);
			name = Main.storyboard;
			sourceTree = "<group>";
		};
		2406C6A923D1E3810035EAAA /* LaunchScreen.storyboard */ = {
			isa = PBXVariantGroup;
			children = (
				2406C6AA23D1E3810035EAAA /* Base */,
			);
			name = LaunchScreen.storyboard;
			sourceTree = "<group>";
		};
/* End PBXVariantGroup section */

/* Begin XCBuildConfiguration section */
		2406C6AD23D1E3810035EAAA /* Debug */ = {
			isa = XCBuildConfiguration;
			buildSettings = {
				ALWAYS_SEARCH_USER_PATHS = NO;
				CLANG_ANALYZER_NONNULL = YES;
				CLANG_ANALYZER_NUMBER_OBJECT_CONVERSION = YES_AGGRESSIVE;
				CLANG_CXX_LANGUAGE_STANDARD = "gnu++14";
				CLANG_CXX_LIBRARY = "libc++";
				CLANG_ENABLE_MODULES = YES;
				CLANG_ENABLE_OBJC_ARC = YES;
				CLANG_ENABLE_OBJC_WEAK = YES;
				CLANG_WARN_BLOCK_CAPTURE_AUTORELEASING = YES;
				CLANG_WARN_BOOL_CONVERSION = YES;
				CLANG_WARN_COMMA = YES;
				CLANG_WARN_CONSTANT_CONVERSION = YES;
				CLANG_WARN_DEPRECATED_OBJC_IMPLEMENTATIONS = YES;
				CLANG_WARN_DIRECT_OBJC_ISA_USAGE = YES_ERROR;
				CLANG_WARN_DOCUMENTATION_COMMENTS = YES;
				CLANG_WARN_EMPTY_BODY = YES;
				CLANG_WARN_ENUM_CONVERSION = YES;
				CLANG_WARN_INFINITE_RECURSION = YES;
				CLANG_WARN_INT_CONVERSION = YES;
				CLANG_WARN_NON_LITERAL_NULL_CONVERSION = YES;
				CLANG_WARN_OBJC_IMPLICIT_RETAIN_SELF = YES;
				CLANG_WARN_OBJC_LITERAL_CONVERSION = YES;
				CLANG_WARN_OBJC_ROOT_CLASS = YES_ERROR;
				CLANG_WARN_RANGE_LOOP_ANALYSIS = YES;
				CLANG_WARN_STRICT_PROTOTYPES = YES;
				CLANG_WARN_SUSPICIOUS_MOVE = YES;
				CLANG_WARN_UNGUARDED_AVAILABILITY = YES_AGGRESSIVE;
				CLANG_WARN_UNREACHABLE_CODE = YES;
				CLANG_WARN__DUPLICATE_METHOD_MATCH = YES;
				COPY_PHASE_STRIP = NO;
				DEBUG_INFORMATION_FORMAT = dwarf;
				ENABLE_STRICT_OBJC_MSGSEND = YES;
				ENABLE_TESTABILITY = YES;
				GCC_C_LANGUAGE_STANDARD = gnu11;
				GCC_DYNAMIC_NO_PIC = NO;
				GCC_NO_COMMON_BLOCKS = YES;
				GCC_OPTIMIZATION_LEVEL = 0;
				GCC_PREPROCESSOR_DEFINITIONS = (
					"DEBUG=1",
					"$(inherited)",
				);
				GCC_WARN_64_TO_32_BIT_CONVERSION = YES;
				GCC_WARN_ABOUT_RETURN_TYPE = YES_ERROR;
				GCC_WARN_UNDECLARED_SELECTOR = YES;
				GCC_WARN_UNINITIALIZED_AUTOS = YES_AGGRESSIVE;
				GCC_WARN_UNUSED_FUNCTION = YES;
				GCC_WARN_UNUSED_VARIABLE = YES;
				IPHONEOS_DEPLOYMENT_TARGET = 13.2;
				MTL_ENABLE_DEBUG_INFO = INCLUDE_SOURCE;
				MTL_FAST_MATH = YES;
				ONLY_ACTIVE_ARCH = YES;
				SDKROOT = iphoneos;
				SWIFT_ACTIVE_COMPILATION_CONDITIONS = DEBUG;
				SWIFT_OPTIMIZATION_LEVEL = "-Onone";
			};
			name = Debug;
		};
		2406C6AE23D1E3810035EAAA /* Release */ = {
			isa = XCBuildConfiguration;
			buildSettings = {
				ALWAYS_SEARCH_USER_PATHS = NO;
				CLANG_ANALYZER_NONNULL = YES;
				CLANG_ANALYZER_NUMBER_OBJECT_CONVERSION = YES_AGGRESSIVE;
				CLANG_CXX_LANGUAGE_STANDARD = "gnu++14";
				CLANG_CXX_LIBRARY = "libc++";
				CLANG_ENABLE_MODULES = YES;
				CLANG_ENABLE_OBJC_ARC = YES;
				CLANG_ENABLE_OBJC_WEAK = YES;
				CLANG_WARN_BLOCK_CAPTURE_AUTORELEASING = YES;
				CLANG_WARN_BOOL_CONVERSION = YES;
				CLANG_WARN_COMMA = YES;
				CLANG_WARN_CONSTANT_CONVERSION = YES;
				CLANG_WARN_DEPRECATED_OBJC_IMPLEMENTATIONS = YES;
				CLANG_WARN_DIRECT_OBJC_ISA_USAGE = YES_ERROR;
				CLANG_WARN_DOCUMENTATION_COMMENTS = YES;
				CLANG_WARN_EMPTY_BODY = YES;
				CLANG_WARN_ENUM_CONVERSION = YES;
				CLANG_WARN_INFINITE_RECURSION = YES;
				CLANG_WARN_INT_CONVERSION = YES;
				CLANG_WARN_NON_LITERAL_NULL_CONVERSION = YES;
				CLANG_WARN_OBJC_IMPLICIT_RETAIN_SELF = YES;
				CLANG_WARN_OBJC_LITERAL_CONVERSION = YES;
				CLANG_WARN_OBJC_ROOT_CLASS = YES_ERROR;
				CLANG_WARN_RANGE_LOOP_ANALYSIS = YES;
				CLANG_WARN_STRICT_PROTOTYPES = YES;
				CLANG_WARN_SUSPICIOUS_MOVE = YES;
				CLANG_WARN_UNGUARDED_AVAILABILITY = YES_AGGRESSIVE;
				CLANG_WARN_UNREACHABLE_CODE = YES;
				CLANG_WARN__DUPLICATE_METHOD_MATCH = YES;
				COPY_PHASE_STRIP = NO;
				DEBUG_INFORMATION_FORMAT = "dwarf-with-dsym";
				ENABLE_NS_ASSERTIONS = NO;
				ENABLE_STRICT_OBJC_MSGSEND = YES;
				GCC_C_LANGUAGE_STANDARD = gnu11;
				GCC_NO_COMMON_BLOCKS = YES;
				GCC_WARN_64_TO_32_BIT_CONVERSION = YES;
				GCC_WARN_ABOUT_RETURN_TYPE = YES_ERROR;
				GCC_WARN_UNDECLARED_SELECTOR = YES;
				GCC_WARN_UNINITIALIZED_AUTOS = YES_AGGRESSIVE;
				GCC_WARN_UNUSED_FUNCTION = YES;
				GCC_WARN_UNUSED_VARIABLE = YES;
				IPHONEOS_DEPLOYMENT_TARGET = 13.2;
				MTL_ENABLE_DEBUG_INFO = NO;
				MTL_FAST_MATH = YES;
				SDKROOT = iphoneos;
				SWIFT_COMPILATION_MODE = wholemodule;
				SWIFT_OPTIMIZATION_LEVEL = "-O";
				VALIDATE_PRODUCT = YES;
			};
			name = Release;
		};
		2406C6B023D1E3810035EAAA /* Debug */ = {
			isa = XCBuildConfiguration;
			baseConfigurationReference = 8247C59B49A7EA880BE81290 /* Pods-Albums-access.debug.xcconfig */;
			buildSettings = {
				ASSETCATALOG_COMPILER_APPICON_NAME = AppIcon;
				CODE_SIGN_STYLE = Automatic;
				INFOPLIST_FILE = "Albums-access/Info.plist";
				LD_RUNPATH_SEARCH_PATHS = (
					"$(inherited)",
					"@executable_path/Frameworks",
				);
				PRODUCT_BUNDLE_IDENTIFIER = "OrgestBlakcori.Albums-access";
				PRODUCT_NAME = "$(TARGET_NAME)";
				SWIFT_VERSION = 5.0;
				TARGETED_DEVICE_FAMILY = "1,2";
			};
			name = Debug;
		};
		2406C6B123D1E3810035EAAA /* Release */ = {
			isa = XCBuildConfiguration;
			baseConfigurationReference = C8D6991F759B6B8224144FCF /* Pods-Albums-access.release.xcconfig */;
			buildSettings = {
				ASSETCATALOG_COMPILER_APPICON_NAME = AppIcon;
				CODE_SIGN_STYLE = Automatic;
				INFOPLIST_FILE = "Albums-access/Info.plist";
				LD_RUNPATH_SEARCH_PATHS = (
					"$(inherited)",
					"@executable_path/Frameworks",
				);
				PRODUCT_BUNDLE_IDENTIFIER = "OrgestBlakcori.Albums-access";
				PRODUCT_NAME = "$(TARGET_NAME)";
				SWIFT_VERSION = 5.0;
				TARGETED_DEVICE_FAMILY = "1,2";
			};
			name = Release;
		};
/* End XCBuildConfiguration section */

/* Begin XCConfigurationList section */
		2406C69623D1E37A0035EAAA /* Build configuration list for PBXProject "Albums-access" */ = {
			isa = XCConfigurationList;
			buildConfigurations = (
				2406C6AD23D1E3810035EAAA /* Debug */,
				2406C6AE23D1E3810035EAAA /* Release */,
			);
			defaultConfigurationIsVisible = 0;
			defaultConfigurationName = Release;
		};
		2406C6AF23D1E3810035EAAA /* Build configuration list for PBXNativeTarget "Albums-access" */ = {
			isa = XCConfigurationList;
			buildConfigurations = (
				2406C6B023D1E3810035EAAA /* Debug */,
				2406C6B123D1E3810035EAAA /* Release */,
			);
			defaultConfigurationIsVisible = 0;
			defaultConfigurationName = Release;
		};
/* End XCConfigurationList section */
	};
	rootObject = 2406C69323D1E37A0035EAAA /* Project object */;
}
